// !$*UTF8*$!
{
	archiveVersion = 1;
	classes = {
	};
	objectVersion = 55;
	objects = {

/* Begin PBXBuildFile section */
		4AFC25E928000FDA000F5F22 /* AppDelegate.swift in Sources */ = {isa = PBXBuildFile; fileRef = 4AFC25E828000FDA000F5F22 /* AppDelegate.swift */; };
		4AFC25EB28000FDA000F5F22 /* SceneDelegate.swift in Sources */ = {isa = PBXBuildFile; fileRef = 4AFC25EA28000FDA000F5F22 /* SceneDelegate.swift */; };
		4AFC25F028000FDA000F5F22 /* Main.storyboard in Resources */ = {isa = PBXBuildFile; fileRef = 4AFC25EE28000FDA000F5F22 /* Main.storyboard */; };
		4AFC25F228000FE1000F5F22 /* Assets.xcassets in Resources */ = {isa = PBXBuildFile; fileRef = 4AFC25F128000FE1000F5F22 /* Assets.xcassets */; };
		4AFC25F528000FE1000F5F22 /* LaunchScreen.storyboard in Resources */ = {isa = PBXBuildFile; fileRef = 4AFC25F328000FE1000F5F22 /* LaunchScreen.storyboard */; };
		4AFC260028000FE2000F5F22 /* EgymAppTests.swift in Sources */ = {isa = PBXBuildFile; fileRef = 4AFC25FF28000FE2000F5F22 /* EgymAppTests.swift */; };
		4AFC260A28000FE2000F5F22 /* EgymAppUITests.swift in Sources */ = {isa = PBXBuildFile; fileRef = 4AFC260928000FE2000F5F22 /* EgymAppUITests.swift */; };
		4AFC260C28000FE2000F5F22 /* EgymAppUITestsLaunchTests.swift in Sources */ = {isa = PBXBuildFile; fileRef = 4AFC260B28000FE2000F5F22 /* EgymAppUITestsLaunchTests.swift */; };
		4AFC261D28001272000F5F22 /* NewsListViewController.swift in Sources */ = {isa = PBXBuildFile; fileRef = 4AFC261C28001272000F5F22 /* NewsListViewController.swift */; };
		4AFC261F280012B5000F5F22 /* NewsListViewModel.swift in Sources */ = {isa = PBXBuildFile; fileRef = 4AFC261E280012B5000F5F22 /* NewsListViewModel.swift */; };
		4AFC2624280013CE000F5F22 /* NetworkService.swift in Sources */ = {isa = PBXBuildFile; fileRef = 4AFC2623280013CE000F5F22 /* NetworkService.swift */; };
		4AFC2628280014BD000F5F22 /* NewsListTableViewCell.swift in Sources */ = {isa = PBXBuildFile; fileRef = 4AFC2627280014BD000F5F22 /* NewsListTableViewCell.swift */; };
		4AFC262B280018C1000F5F22 /* NewsDetailViewController.swift in Sources */ = {isa = PBXBuildFile; fileRef = 4AFC262A280018C1000F5F22 /* NewsDetailViewController.swift */; };
		4AFC262D280018E4000F5F22 /* NewsDetailViewModel.swift in Sources */ = {isa = PBXBuildFile; fileRef = 4AFC262C280018E4000F5F22 /* NewsDetailViewModel.swift */; };
		4AFC262F280020A8000F5F22 /* NYTimesAPI.swift in Sources */ = {isa = PBXBuildFile; fileRef = 4AFC262E280020A8000F5F22 /* NYTimesAPI.swift */; };
		4AFC2632280026AE000F5F22 /* NewsData.swift in Sources */ = {isa = PBXBuildFile; fileRef = 4AFC2631280026AE000F5F22 /* NewsData.swift */; };
		4AFC26352800A0C6000F5F22 /* NewsWebViewController.swift in Sources */ = {isa = PBXBuildFile; fileRef = 4AFC26342800A0C6000F5F22 /* NewsWebViewController.swift */; };
		4AFC263A28055BA7000F5F22 /* UIImageView+Cache.swift in Sources */ = {isa = PBXBuildFile; fileRef = 4AFC263928055BA7000F5F22 /* UIImageView+Cache.swift */; };
/* End PBXBuildFile section */

/* Begin PBXContainerItemProxy section */
		4AFC25FC28000FE1000F5F22 /* PBXContainerItemProxy */ = {
			isa = PBXContainerItemProxy;
			containerPortal = 4AFC25DD28000FDA000F5F22 /* Project object */;
			proxyType = 1;
			remoteGlobalIDString = 4AFC25E428000FDA000F5F22;
			remoteInfo = EgymApp;
		};
		4AFC260628000FE2000F5F22 /* PBXContainerItemProxy */ = {
			isa = PBXContainerItemProxy;
			containerPortal = 4AFC25DD28000FDA000F5F22 /* Project object */;
			proxyType = 1;
			remoteGlobalIDString = 4AFC25E428000FDA000F5F22;
			remoteInfo = EgymApp;
		};
/* End PBXContainerItemProxy section */

/* Begin PBXFileReference section */
		4AFC25E528000FDA000F5F22 /* EgymApp.app */ = {isa = PBXFileReference; explicitFileType = wrapper.application; includeInIndex = 0; path = EgymApp.app; sourceTree = BUILT_PRODUCTS_DIR; };
		4AFC25E828000FDA000F5F22 /* AppDelegate.swift */ = {isa = PBXFileReference; lastKnownFileType = sourcecode.swift; path = AppDelegate.swift; sourceTree = "<group>"; };
		4AFC25EA28000FDA000F5F22 /* SceneDelegate.swift */ = {isa = PBXFileReference; lastKnownFileType = sourcecode.swift; path = SceneDelegate.swift; sourceTree = "<group>"; };
		4AFC25EF28000FDA000F5F22 /* Base */ = {isa = PBXFileReference; lastKnownFileType = file.storyboard; name = Base; path = Base.lproj/Main.storyboard; sourceTree = "<group>"; };
		4AFC25F128000FE1000F5F22 /* Assets.xcassets */ = {isa = PBXFileReference; lastKnownFileType = folder.assetcatalog; path = Assets.xcassets; sourceTree = "<group>"; };
		4AFC25F428000FE1000F5F22 /* Base */ = {isa = PBXFileReference; lastKnownFileType = file.storyboard; name = Base; path = Base.lproj/LaunchScreen.storyboard; sourceTree = "<group>"; };
		4AFC25F628000FE1000F5F22 /* Info.plist */ = {isa = PBXFileReference; lastKnownFileType = text.plist.xml; path = Info.plist; sourceTree = "<group>"; };
		4AFC25FB28000FE1000F5F22 /* EgymAppTests.xctest */ = {isa = PBXFileReference; explicitFileType = wrapper.cfbundle; includeInIndex = 0; path = EgymAppTests.xctest; sourceTree = BUILT_PRODUCTS_DIR; };
		4AFC25FF28000FE2000F5F22 /* EgymAppTests.swift */ = {isa = PBXFileReference; lastKnownFileType = sourcecode.swift; path = EgymAppTests.swift; sourceTree = "<group>"; };
		4AFC260528000FE2000F5F22 /* EgymAppUITests.xctest */ = {isa = PBXFileReference; explicitFileType = wrapper.cfbundle; includeInIndex = 0; path = EgymAppUITests.xctest; sourceTree = BUILT_PRODUCTS_DIR; };
		4AFC260928000FE2000F5F22 /* EgymAppUITests.swift */ = {isa = PBXFileReference; lastKnownFileType = sourcecode.swift; path = EgymAppUITests.swift; sourceTree = "<group>"; };
		4AFC260B28000FE2000F5F22 /* EgymAppUITestsLaunchTests.swift */ = {isa = PBXFileReference; lastKnownFileType = sourcecode.swift; path = EgymAppUITestsLaunchTests.swift; sourceTree = "<group>"; };
		4AFC261C28001272000F5F22 /* NewsListViewController.swift */ = {isa = PBXFileReference; lastKnownFileType = sourcecode.swift; path = NewsListViewController.swift; sourceTree = "<group>"; };
		4AFC261E280012B5000F5F22 /* NewsListViewModel.swift */ = {isa = PBXFileReference; lastKnownFileType = sourcecode.swift; path = NewsListViewModel.swift; sourceTree = "<group>"; };
		4AFC2623280013CE000F5F22 /* NetworkService.swift */ = {isa = PBXFileReference; lastKnownFileType = sourcecode.swift; path = NetworkService.swift; sourceTree = "<group>"; };
		4AFC2627280014BD000F5F22 /* NewsListTableViewCell.swift */ = {isa = PBXFileReference; lastKnownFileType = sourcecode.swift; path = NewsListTableViewCell.swift; sourceTree = "<group>"; };
		4AFC262A280018C1000F5F22 /* NewsDetailViewController.swift */ = {isa = PBXFileReference; lastKnownFileType = sourcecode.swift; path = NewsDetailViewController.swift; sourceTree = "<group>"; };
		4AFC262C280018E4000F5F22 /* NewsDetailViewModel.swift */ = {isa = PBXFileReference; lastKnownFileType = sourcecode.swift; path = NewsDetailViewModel.swift; sourceTree = "<group>"; };
		4AFC262E280020A8000F5F22 /* NYTimesAPI.swift */ = {isa = PBXFileReference; fileEncoding = 4; lastKnownFileType = sourcecode.swift; path = NYTimesAPI.swift; sourceTree = "<group>"; };
		4AFC2631280026AE000F5F22 /* NewsData.swift */ = {isa = PBXFileReference; lastKnownFileType = sourcecode.swift; path = NewsData.swift; sourceTree = "<group>"; };
		4AFC26342800A0C6000F5F22 /* NewsWebViewController.swift */ = {isa = PBXFileReference; lastKnownFileType = sourcecode.swift; path = NewsWebViewController.swift; sourceTree = "<group>"; };
		4AFC263928055BA7000F5F22 /* UIImageView+Cache.swift */ = {isa = PBXFileReference; lastKnownFileType = sourcecode.swift; path = "UIImageView+Cache.swift"; sourceTree = "<group>"; };
/* End PBXFileReference section */

/* Begin PBXFrameworksBuildPhase section */
		4AFC25E228000FDA000F5F22 /* Frameworks */ = {
			isa = PBXFrameworksBuildPhase;
			buildActionMask = 2147483647;
			files = (
			);
			runOnlyForDeploymentPostprocessing = 0;
		};
		4AFC25F828000FE1000F5F22 /* Frameworks */ = {
			isa = PBXFrameworksBuildPhase;
			buildActionMask = 2147483647;
			files = (
			);
			runOnlyForDeploymentPostprocessing = 0;
		};
		4AFC260228000FE2000F5F22 /* Frameworks */ = {
			isa = PBXFrameworksBuildPhase;
			buildActionMask = 2147483647;
			files = (
			);
			runOnlyForDeploymentPostprocessing = 0;
		};
/* End PBXFrameworksBuildPhase section */

/* Begin PBXGroup section */
		4AFC25DC28000FDA000F5F22 = {
			isa = PBXGroup;
			children = (
				4AFC25E728000FDA000F5F22 /* EgymApp */,
				4AFC25FE28000FE2000F5F22 /* EgymAppTests */,
				4AFC260828000FE2000F5F22 /* EgymAppUITests */,
				4AFC25E628000FDA000F5F22 /* Products */,
			);
			sourceTree = "<group>";
		};
		4AFC25E628000FDA000F5F22 /* Products */ = {
			isa = PBXGroup;
			children = (
				4AFC25E528000FDA000F5F22 /* EgymApp.app */,
				4AFC25FB28000FE1000F5F22 /* EgymAppTests.xctest */,
				4AFC260528000FE2000F5F22 /* EgymAppUITests.xctest */,
			);
			name = Products;
			sourceTree = "<group>";
		};
		4AFC25E728000FDA000F5F22 /* EgymApp */ = {
			isa = PBXGroup;
			children = (
				4AFC25E828000FDA000F5F22 /* AppDelegate.swift */,
				4AFC25EA28000FDA000F5F22 /* SceneDelegate.swift */,
				4AFC26302800262E000F5F22 /* Models */,
				4AFC2618280011FE000F5F22 /* ViewControllers */,
				4AFC263828055775000F5F22 /* ViewModels */,
				4AFC262228001398000F5F22 /* Networking */,
				4AFC263B2805618D000F5F22 /* Extenstions */,
				4AFC25EE28000FDA000F5F22 /* Main.storyboard */,
				4AFC25F128000FE1000F5F22 /* Assets.xcassets */,
				4AFC25F328000FE1000F5F22 /* LaunchScreen.storyboard */,
				4AFC25F628000FE1000F5F22 /* Info.plist */,
			);
			path = EgymApp;
			sourceTree = "<group>";
		};
		4AFC25FE28000FE2000F5F22 /* EgymAppTests */ = {
			isa = PBXGroup;
			children = (
				4AFC25FF28000FE2000F5F22 /* EgymAppTests.swift */,
			);
			path = EgymAppTests;
			sourceTree = "<group>";
		};
		4AFC260828000FE2000F5F22 /* EgymAppUITests */ = {
			isa = PBXGroup;
			children = (
				4AFC260928000FE2000F5F22 /* EgymAppUITests.swift */,
				4AFC260B28000FE2000F5F22 /* EgymAppUITestsLaunchTests.swift */,
			);
			path = EgymAppUITests;
			sourceTree = "<group>";
		};
		4AFC2618280011FE000F5F22 /* ViewControllers */ = {
			isa = PBXGroup;
			children = (
				4AFC261928001212000F5F22 /* NewsListViewController */,
				4AFC262928001889000F5F22 /* NewsDetailViewController */,
				4AFC26332800A08F000F5F22 /* NewsWebViewController */,
			);
			name = ViewControllers;
			sourceTree = "<group>";
		};
		4AFC261928001212000F5F22 /* NewsListViewController */ = {
			isa = PBXGroup;
			children = (
				4AFC261C28001272000F5F22 /* NewsListViewController.swift */,
				4AFC2627280014BD000F5F22 /* NewsListTableViewCell.swift */,
			);
			name = NewsListViewController;
			sourceTree = "<group>";
		};
		4AFC262228001398000F5F22 /* Networking */ = {
			isa = PBXGroup;
			children = (
				4AFC2623280013CE000F5F22 /* NetworkService.swift */,
				4AFC262E280020A8000F5F22 /* NYTimesAPI.swift */,
			);
			name = Networking;
			sourceTree = "<group>";
		};
		4AFC262928001889000F5F22 /* NewsDetailViewController */ = {
			isa = PBXGroup;
			children = (
				4AFC262A280018C1000F5F22 /* NewsDetailViewController.swift */,
			);
			name = NewsDetailViewController;
			sourceTree = "<group>";
		};
		4AFC26302800262E000F5F22 /* Models */ = {
			isa = PBXGroup;
			children = (
				4AFC2631280026AE000F5F22 /* NewsData.swift */,
			);
			name = Models;
			sourceTree = "<group>";
		};
		4AFC26332800A08F000F5F22 /* NewsWebViewController */ = {
			isa = PBXGroup;
			children = (
				4AFC26342800A0C6000F5F22 /* NewsWebViewController.swift */,
			);
			name = NewsWebViewController;
			sourceTree = "<group>";
		};
		4AFC263828055775000F5F22 /* ViewModels */ = {
			isa = PBXGroup;
			children = (
				4AFC261E280012B5000F5F22 /* NewsListViewModel.swift */,
				4AFC262C280018E4000F5F22 /* NewsDetailViewModel.swift */,
			);
			name = ViewModels;
			sourceTree = "<group>";
		};
		4AFC263B2805618D000F5F22 /* Extenstions */ = {
			isa = PBXGroup;
			children = (
				4AFC263928055BA7000F5F22 /* UIImageView+Cache.swift */,
			);
			name = Extenstions;
			sourceTree = "<group>";
		};
/* End PBXGroup section */

/* Begin PBXNativeTarget section */
		4AFC25E428000FDA000F5F22 /* EgymApp */ = {
			isa = PBXNativeTarget;
			buildConfigurationList = 4AFC260F28000FE2000F5F22 /* Build configuration list for PBXNativeTarget "EgymApp" */;
			buildPhases = (
				4AFC25E128000FDA000F5F22 /* Sources */,
				4AFC25E228000FDA000F5F22 /* Frameworks */,
				4AFC25E328000FDA000F5F22 /* Resources */,
			);
			buildRules = (
			);
			dependencies = (
			);
			name = EgymApp;
			productName = EgymApp;
			productReference = 4AFC25E528000FDA000F5F22 /* EgymApp.app */;
			productType = "com.apple.product-type.application";
		};
		4AFC25FA28000FE1000F5F22 /* EgymAppTests */ = {
			isa = PBXNativeTarget;
			buildConfigurationList = 4AFC261228000FE2000F5F22 /* Build configuration list for PBXNativeTarget "EgymAppTests" */;
			buildPhases = (
				4AFC25F728000FE1000F5F22 /* Sources */,
				4AFC25F828000FE1000F5F22 /* Frameworks */,
				4AFC25F928000FE1000F5F22 /* Resources */,
			);
			buildRules = (
			);
			dependencies = (
				4AFC25FD28000FE1000F5F22 /* PBXTargetDependency */,
			);
			name = EgymAppTests;
			productName = EgymAppTests;
			productReference = 4AFC25FB28000FE1000F5F22 /* EgymAppTests.xctest */;
			productType = "com.apple.product-type.bundle.unit-test";
		};
		4AFC260428000FE2000F5F22 /* EgymAppUITests */ = {
			isa = PBXNativeTarget;
			buildConfigurationList = 4AFC261528000FE2000F5F22 /* Build configuration list for PBXNativeTarget "EgymAppUITests" */;
			buildPhases = (
				4AFC260128000FE2000F5F22 /* Sources */,
				4AFC260228000FE2000F5F22 /* Frameworks */,
				4AFC260328000FE2000F5F22 /* Resources */,
			);
			buildRules = (
			);
			dependencies = (
				4AFC260728000FE2000F5F22 /* PBXTargetDependency */,
			);
			name = EgymAppUITests;
			productName = EgymAppUITests;
			productReference = 4AFC260528000FE2000F5F22 /* EgymAppUITests.xctest */;
			productType = "com.apple.product-type.bundle.ui-testing";
		};
/* End PBXNativeTarget section */

/* Begin PBXProject section */
		4AFC25DD28000FDA000F5F22 /* Project object */ = {
			isa = PBXProject;
			attributes = {
				BuildIndependentTargetsInParallel = 1;
				LastSwiftUpdateCheck = 1330;
				LastUpgradeCheck = 1330;
				TargetAttributes = {
					4AFC25E428000FDA000F5F22 = {
						CreatedOnToolsVersion = 13.3;
					};
					4AFC25FA28000FE1000F5F22 = {
						CreatedOnToolsVersion = 13.3;
						TestTargetID = 4AFC25E428000FDA000F5F22;
					};
					4AFC260428000FE2000F5F22 = {
						CreatedOnToolsVersion = 13.3;
						TestTargetID = 4AFC25E428000FDA000F5F22;
					};
				};
			};
			buildConfigurationList = 4AFC25E028000FDA000F5F22 /* Build configuration list for PBXProject "EgymApp" */;
			compatibilityVersion = "Xcode 13.0";
			developmentRegion = en;
			hasScannedForEncodings = 0;
			knownRegions = (
				en,
				Base,
			);
			mainGroup = 4AFC25DC28000FDA000F5F22;
			productRefGroup = 4AFC25E628000FDA000F5F22 /* Products */;
			projectDirPath = "";
			projectRoot = "";
			targets = (
				4AFC25E428000FDA000F5F22 /* EgymApp */,
				4AFC25FA28000FE1000F5F22 /* EgymAppTests */,
				4AFC260428000FE2000F5F22 /* EgymAppUITests */,
			);
		};
/* End PBXProject section */

/* Begin PBXResourcesBuildPhase section */
		4AFC25E328000FDA000F5F22 /* Resources */ = {
			isa = PBXResourcesBuildPhase;
			buildActionMask = 2147483647;
			files = (
				4AFC25F528000FE1000F5F22 /* LaunchScreen.storyboard in Resources */,
				4AFC25F228000FE1000F5F22 /* Assets.xcassets in Resources */,
				4AFC25F028000FDA000F5F22 /* Main.storyboard in Resources */,
			);
			runOnlyForDeploymentPostprocessing = 0;
		};
		4AFC25F928000FE1000F5F22 /* Resources */ = {
			isa = PBXResourcesBuildPhase;
			buildActionMask = 2147483647;
			files = (
			);
			runOnlyForDeploymentPostprocessing = 0;
		};
		4AFC260328000FE2000F5F22 /* Resources */ = {
			isa = PBXResourcesBuildPhase;
			buildActionMask = 2147483647;
			files = (
			);
			runOnlyForDeploymentPostprocessing = 0;
		};
/* End PBXResourcesBuildPhase section */

/* Begin PBXSourcesBuildPhase section */
		4AFC25E128000FDA000F5F22 /* Sources */ = {
			isa = PBXSourcesBuildPhase;
			buildActionMask = 2147483647;
			files = (
				4AFC262B280018C1000F5F22 /* NewsDetailViewController.swift in Sources */,
				4AFC25E928000FDA000F5F22 /* AppDelegate.swift in Sources */,
				4AFC261F280012B5000F5F22 /* NewsListViewModel.swift in Sources */,
				4AFC262D280018E4000F5F22 /* NewsDetailViewModel.swift in Sources */,
				4AFC25EB28000FDA000F5F22 /* SceneDelegate.swift in Sources */,
				4AFC263A28055BA7000F5F22 /* UIImageView+Cache.swift in Sources */,
				4AFC2624280013CE000F5F22 /* NetworkService.swift in Sources */,
				4AFC2628280014BD000F5F22 /* NewsListTableViewCell.swift in Sources */,
				4AFC261D28001272000F5F22 /* NewsListViewController.swift in Sources */,
				4AFC26352800A0C6000F5F22 /* NewsWebViewController.swift in Sources */,
				4AFC2632280026AE000F5F22 /* NewsData.swift in Sources */,
				4AFC262F280020A8000F5F22 /* NYTimesAPI.swift in Sources */,
			);
			runOnlyForDeploymentPostprocessing = 0;
		};
		4AFC25F728000FE1000F5F22 /* Sources */ = {
			isa = PBXSourcesBuildPhase;
			buildActionMask = 2147483647;
			files = (
				4AFC260028000FE2000F5F22 /* EgymAppTests.swift in Sources */,
			);
			runOnlyForDeploymentPostprocessing = 0;
		};
		4AFC260128000FE2000F5F22 /* Sources */ = {
			isa = PBXSourcesBuildPhase;
			buildActionMask = 2147483647;
			files = (
				4AFC260C28000FE2000F5F22 /* EgymAppUITestsLaunchTests.swift in Sources */,
				4AFC260A28000FE2000F5F22 /* EgymAppUITests.swift in Sources */,
			);
			runOnlyForDeploymentPostprocessing = 0;
		};
/* End PBXSourcesBuildPhase section */

/* Begin PBXTargetDependency section */
		4AFC25FD28000FE1000F5F22 /* PBXTargetDependency */ = {
			isa = PBXTargetDependency;
			target = 4AFC25E428000FDA000F5F22 /* EgymApp */;
			targetProxy = 4AFC25FC28000FE1000F5F22 /* PBXContainerItemProxy */;
		};
		4AFC260728000FE2000F5F22 /* PBXTargetDependency */ = {
			isa = PBXTargetDependency;
			target = 4AFC25E428000FDA000F5F22 /* EgymApp */;
			targetProxy = 4AFC260628000FE2000F5F22 /* PBXContainerItemProxy */;
		};
/* End PBXTargetDependency section */

/* Begin PBXVariantGroup section */
		4AFC25EE28000FDA000F5F22 /* Main.storyboard */ = {
			isa = PBXVariantGroup;
			children = (
				4AFC25EF28000FDA000F5F22 /* Base */,
			);
			name = Main.storyboard;
			sourceTree = "<group>";
		};
		4AFC25F328000FE1000F5F22 /* LaunchScreen.storyboard */ = {
			isa = PBXVariantGroup;
			children = (
				4AFC25F428000FE1000F5F22 /* Base */,
			);
			name = LaunchScreen.storyboard;
			sourceTree = "<group>";
		};
/* End PBXVariantGroup section */

/* Begin XCBuildConfiguration section */
		4AFC260D28000FE2000F5F22 /* Debug */ = {
			isa = XCBuildConfiguration;
			buildSettings = {
				ALWAYS_SEARCH_USER_PATHS = NO;
				CLANG_ANALYZER_NONNULL = YES;
				CLANG_ANALYZER_NUMBER_OBJECT_CONVERSION = YES_AGGRESSIVE;
				CLANG_CXX_LANGUAGE_STANDARD = "gnu++17";
				CLANG_ENABLE_MODULES = YES;
				CLANG_ENABLE_OBJC_ARC = YES;
				CLANG_ENABLE_OBJC_WEAK = YES;
				CLANG_WARN_BLOCK_CAPTURE_AUTORELEASING = YES;
				CLANG_WARN_BOOL_CONVERSION = YES;
				CLANG_WARN_COMMA = YES;
				CLANG_WARN_CONSTANT_CONVERSION = YES;
				CLANG_WARN_DEPRECATED_OBJC_IMPLEMENTATIONS = YES;
				CLANG_WARN_DIRECT_OBJC_ISA_USAGE = YES_ERROR;
				CLANG_WARN_DOCUMENTATION_COMMENTS = YES;
				CLANG_WARN_EMPTY_BODY = YES;
				CLANG_WARN_ENUM_CONVERSION = YES;
				CLANG_WARN_INFINITE_RECURSION = YES;
				CLANG_WARN_INT_CONVERSION = YES;
				CLANG_WARN_NON_LITERAL_NULL_CONVERSION = YES;
				CLANG_WARN_OBJC_IMPLICIT_RETAIN_SELF = YES;
				CLANG_WARN_OBJC_LITERAL_CONVERSION = YES;
				CLANG_WARN_OBJC_ROOT_CLASS = YES_ERROR;
				CLANG_WARN_QUOTED_INCLUDE_IN_FRAMEWORK_HEADER = YES;
				CLANG_WARN_RANGE_LOOP_ANALYSIS = YES;
				CLANG_WARN_STRICT_PROTOTYPES = YES;
				CLANG_WARN_SUSPICIOUS_MOVE = YES;
				CLANG_WARN_UNGUARDED_AVAILABILITY = YES_AGGRESSIVE;
				CLANG_WARN_UNREACHABLE_CODE = YES;
				CLANG_WARN__DUPLICATE_METHOD_MATCH = YES;
				COPY_PHASE_STRIP = NO;
				DEBUG_INFORMATION_FORMAT = dwarf;
				ENABLE_STRICT_OBJC_MSGSEND = YES;
				ENABLE_TESTABILITY = YES;
				GCC_C_LANGUAGE_STANDARD = gnu11;
				GCC_DYNAMIC_NO_PIC = NO;
				GCC_NO_COMMON_BLOCKS = YES;
				GCC_OPTIMIZATION_LEVEL = 0;
				GCC_PREPROCESSOR_DEFINITIONS = (
					"DEBUG=1",
					"$(inherited)",
				);
				GCC_WARN_64_TO_32_BIT_CONVERSION = YES;
				GCC_WARN_ABOUT_RETURN_TYPE = YES_ERROR;
				GCC_WARN_UNDECLARED_SELECTOR = YES;
				GCC_WARN_UNINITIALIZED_AUTOS = YES_AGGRESSIVE;
				GCC_WARN_UNUSED_FUNCTION = YES;
				GCC_WARN_UNUSED_VARIABLE = YES;
				IPHONEOS_DEPLOYMENT_TARGET = 15.4;
				MTL_ENABLE_DEBUG_INFO = INCLUDE_SOURCE;
				MTL_FAST_MATH = YES;
				ONLY_ACTIVE_ARCH = YES;
				SDKROOT = iphoneos;
				SWIFT_ACTIVE_COMPILATION_CONDITIONS = DEBUG;
				SWIFT_OPTIMIZATION_LEVEL = "-Onone";
			};
			name = Debug;
		};
		4AFC260E28000FE2000F5F22 /* Release */ = {
			isa = XCBuildConfiguration;
			buildSettings = {
				ALWAYS_SEARCH_USER_PATHS = NO;
				CLANG_ANALYZER_NONNULL = YES;
				CLANG_ANALYZER_NUMBER_OBJECT_CONVERSION = YES_AGGRESSIVE;
				CLANG_CXX_LANGUAGE_STANDARD = "gnu++17";
				CLANG_ENABLE_MODULES = YES;
				CLANG_ENABLE_OBJC_ARC = YES;
				CLANG_ENABLE_OBJC_WEAK = YES;
				CLANG_WARN_BLOCK_CAPTURE_AUTORELEASING = YES;
				CLANG_WARN_BOOL_CONVERSION = YES;
				CLANG_WARN_COMMA = YES;
				CLANG_WARN_CONSTANT_CONVERSION = YES;
				CLANG_WARN_DEPRECATED_OBJC_IMPLEMENTATIONS = YES;
				CLANG_WARN_DIRECT_OBJC_ISA_USAGE = YES_ERROR;
				CLANG_WARN_DOCUMENTATION_COMMENTS = YES;
				CLANG_WARN_EMPTY_BODY = YES;
				CLANG_WARN_ENUM_CONVERSION = YES;
				CLANG_WARN_INFINITE_RECURSION = YES;
				CLANG_WARN_INT_CONVERSION = YES;
				CLANG_WARN_NON_LITERAL_NULL_CONVERSION = YES;
				CLANG_WARN_OBJC_IMPLICIT_RETAIN_SELF = YES;
				CLANG_WARN_OBJC_LITERAL_CONVERSION = YES;
				CLANG_WARN_OBJC_ROOT_CLASS = YES_ERROR;
				CLANG_WARN_QUOTED_INCLUDE_IN_FRAMEWORK_HEADER = YES;
				CLANG_WARN_RANGE_LOOP_ANALYSIS = YES;
				CLANG_WARN_STRICT_PROTOTYPES = YES;
				CLANG_WARN_SUSPICIOUS_MOVE = YES;
				CLANG_WARN_UNGUARDED_AVAILABILITY = YES_AGGRESSIVE;
				CLANG_WARN_UNREACHABLE_CODE = YES;
				CLANG_WARN__DUPLICATE_METHOD_MATCH = YES;
				COPY_PHASE_STRIP = NO;
				DEBUG_INFORMATION_FORMAT = "dwarf-with-dsym";
				ENABLE_NS_ASSERTIONS = NO;
				ENABLE_STRICT_OBJC_MSGSEND = YES;
				GCC_C_LANGUAGE_STANDARD = gnu11;
				GCC_NO_COMMON_BLOCKS = YES;
				GCC_WARN_64_TO_32_BIT_CONVERSION = YES;
				GCC_WARN_ABOUT_RETURN_TYPE = YES_ERROR;
				GCC_WARN_UNDECLARED_SELECTOR = YES;
				GCC_WARN_UNINITIALIZED_AUTOS = YES_AGGRESSIVE;
				GCC_WARN_UNUSED_FUNCTION = YES;
				GCC_WARN_UNUSED_VARIABLE = YES;
				IPHONEOS_DEPLOYMENT_TARGET = 15.4;
				MTL_ENABLE_DEBUG_INFO = NO;
				MTL_FAST_MATH = YES;
				SDKROOT = iphoneos;
				SWIFT_COMPILATION_MODE = wholemodule;
				SWIFT_OPTIMIZATION_LEVEL = "-O";
				VALIDATE_PRODUCT = YES;
			};
			name = Release;
		};
		4AFC261028000FE2000F5F22 /* Debug */ = {
			isa = XCBuildConfiguration;
			buildSettings = {
				ASSETCATALOG_COMPILER_APPICON_NAME = AppIcon;
				ASSETCATALOG_COMPILER_GLOBAL_ACCENT_COLOR_NAME = AccentColor;
				CODE_SIGN_STYLE = Automatic;
				CURRENT_PROJECT_VERSION = 1;
				GENERATE_INFOPLIST_FILE = YES;
				INFOPLIST_FILE = EgymApp/Info.plist;
				INFOPLIST_KEY_UIApplicationSupportsIndirectInputEvents = YES;
				INFOPLIST_KEY_UILaunchStoryboardName = LaunchScreen;
				INFOPLIST_KEY_UIMainStoryboardFile = Main;
				INFOPLIST_KEY_UISupportedInterfaceOrientations_iPad = "UIInterfaceOrientationPortrait UIInterfaceOrientationPortraitUpsideDown UIInterfaceOrientationLandscapeLeft UIInterfaceOrientationLandscapeRight";
				INFOPLIST_KEY_UISupportedInterfaceOrientations_iPhone = "UIInterfaceOrientationPortrait UIInterfaceOrientationLandscapeLeft UIInterfaceOrientationLandscapeRight";
				LD_RUNPATH_SEARCH_PATHS = (
					"$(inherited)",
					"@executable_path/Frameworks",
				);
				MARKETING_VERSION = 1.0;
				PRODUCT_BUNDLE_IDENTIFIER = com.nithin.EgymApp;
				PRODUCT_NAME = "$(TARGET_NAME)";
				SWIFT_EMIT_LOC_STRINGS = YES;
				SWIFT_VERSION = 5.0;
				TARGETED_DEVICE_FAMILY = "1,2";
			};
			name = Debug;
		};
		4AFC261128000FE2000F5F22 /* Release */ = {
			isa = XCBuildConfiguration;
			buildSettings = {
				ASSETCATALOG_COMPILER_APPICON_NAME = AppIcon;
				ASSETCATALOG_COMPILER_GLOBAL_ACCENT_COLOR_NAME = AccentColor;
				CODE_SIGN_STYLE = Automatic;
				CURRENT_PROJECT_VERSION = 1;
				GENERATE_INFOPLIST_FILE = YES;
				INFOPLIST_FILE = EgymApp/Info.plist;
				INFOPLIST_KEY_UIApplicationSupportsIndirectInputEvents = YES;
				INFOPLIST_KEY_UILaunchStoryboardName = LaunchScreen;
				INFOPLIST_KEY_UIMainStoryboardFile = Main;
				INFOPLIST_KEY_UISupportedInterfaceOrientations_iPad = "UIInterfaceOrientationPortrait UIInterfaceOrientationPortraitUpsideDown UIInterfaceOrientationLandscapeLeft UIInterfaceOrientationLandscapeRight";
				INFOPLIST_KEY_UISupportedInterfaceOrientations_iPhone = "UIInterfaceOrientationPortrait UIInterfaceOrientationLandscapeLeft UIInterfaceOrientationLandscapeRight";
				LD_RUNPATH_SEARCH_PATHS = (
					"$(inherited)",
					"@executable_path/Frameworks",
				);
				MARKETING_VERSION = 1.0;
				PRODUCT_BUNDLE_IDENTIFIER = com.nithin.EgymApp;
				PRODUCT_NAME = "$(TARGET_NAME)";
				SWIFT_EMIT_LOC_STRINGS = YES;
				SWIFT_VERSION = 5.0;
				TARGETED_DEVICE_FAMILY = "1,2";
			};
			name = Release;
		};
		4AFC261328000FE2000F5F22 /* Debug */ = {
			isa = XCBuildConfiguration;
			buildSettings = {
				ALWAYS_EMBED_SWIFT_STANDARD_LIBRARIES = YES;
				BUNDLE_LOADER = "$(TEST_HOST)";
				CODE_SIGN_STYLE = Automatic;
				CURRENT_PROJECT_VERSION = 1;
				GENERATE_INFOPLIST_FILE = YES;
				IPHONEOS_DEPLOYMENT_TARGET = 15.4;
				MARKETING_VERSION = 1.0;
				PRODUCT_BUNDLE_IDENTIFIER = com.nithin.EgymAppTests;
				PRODUCT_NAME = "$(TARGET_NAME)";
				SWIFT_EMIT_LOC_STRINGS = NO;
				SWIFT_VERSION = 5.0;
				TARGETED_DEVICE_FAMILY = "1,2";
				TEST_HOST = "$(BUILT_PRODUCTS_DIR)/EgymApp.app/EgymApp";
			};
			name = Debug;
		};
		4AFC261428000FE2000F5F22 /* Release */ = {
			isa = XCBuildConfiguration;
			buildSettings = {
				ALWAYS_EMBED_SWIFT_STANDARD_LIBRARIES = YES;
				BUNDLE_LOADER = "$(TEST_HOST)";
				CODE_SIGN_STYLE = Automatic;
				CURRENT_PROJECT_VERSION = 1;
				GENERATE_INFOPLIST_FILE = YES;
				IPHONEOS_DEPLOYMENT_TARGET = 15.4;
				MARKETING_VERSION = 1.0;
				PRODUCT_BUNDLE_IDENTIFIER = com.nithin.EgymAppTests;
				PRODUCT_NAME = "$(TARGET_NAME)";
				SWIFT_EMIT_LOC_STRINGS = NO;
				SWIFT_VERSION = 5.0;
				TARGETED_DEVICE_FAMILY = "1,2";
				TEST_HOST = "$(BUILT_PRODUCTS_DIR)/EgymApp.app/EgymApp";
			};
			name = Release;
		};
		4AFC261628000FE2000F5F22 /* Debug */ = {
			isa = XCBuildConfiguration;
			buildSettings = {
				ALWAYS_EMBED_SWIFT_STANDARD_LIBRARIES = YES;
				CODE_SIGN_STYLE = Automatic;
				CURRENT_PROJECT_VERSION = 1;
				GENERATE_INFOPLIST_FILE = YES;
				MARKETING_VERSION = 1.0;
				PRODUCT_BUNDLE_IDENTIFIER = com.nithin.EgymAppUITests;
				PRODUCT_NAME = "$(TARGET_NAME)";
				SWIFT_EMIT_LOC_STRINGS = NO;
				SWIFT_VERSION = 5.0;
				TARGETED_DEVICE_FAMILY = "1,2";
				TEST_TARGET_NAME = EgymApp;
			};
			name = Debug;
		};
		4AFC261728000FE2000F5F22 /* Release */ = {
			isa = XCBuildConfiguration;
			buildSettings = {
				ALWAYS_EMBED_SWIFT_STANDARD_LIBRARIES = YES;
				CODE_SIGN_STYLE = Automatic;
				CURRENT_PROJECT_VERSION = 1;
				GENERATE_INFOPLIST_FILE = YES;
				MARKETING_VERSION = 1.0;
				PRODUCT_BUNDLE_IDENTIFIER = com.nithin.EgymAppUITests;
				PRODUCT_NAME = "$(TARGET_NAME)";
				SWIFT_EMIT_LOC_STRINGS = NO;
				SWIFT_VERSION = 5.0;
				TARGETED_DEVICE_FAMILY = "1,2";
				TEST_TARGET_NAME = EgymApp;
			};
			name = Release;
		};
/* End XCBuildConfiguration section */

/* Begin XCConfigurationList section */
		4AFC25E028000FDA000F5F22 /* Build configuration list for PBXProject "EgymApp" */ = {
			isa = XCConfigurationList;
			buildConfigurations = (
				4AFC260D28000FE2000F5F22 /* Debug */,
				4AFC260E28000FE2000F5F22 /* Release */,
			);
			defaultConfigurationIsVisible = 0;
			defaultConfigurationName = Release;
		};
		4AFC260F28000FE2000F5F22 /* Build configuration list for PBXNativeTarget "EgymApp" */ = {
			isa = XCConfigurationList;
			buildConfigurations = (
				4AFC261028000FE2000F5F22 /* Debug */,
				4AFC261128000FE2000F5F22 /* Release */,
			);
			defaultConfigurationIsVisible = 0;
			defaultConfigurationName = Release;
		};
		4AFC261228000FE2000F5F22 /* Build configuration list for PBXNativeTarget "EgymAppTests" */ = {
			isa = XCConfigurationList;
			buildConfigurations = (
				4AFC261328000FE2000F5F22 /* Debug */,
				4AFC261428000FE2000F5F22 /* Release */,
			);
			defaultConfigurationIsVisible = 0;
			defaultConfigurationName = Release;
		};
		4AFC261528000FE2000F5F22 /* Build configuration list for PBXNativeTarget "EgymAppUITests" */ = {
			isa = XCConfigurationList;
			buildConfigurations = (
				4AFC261628000FE2000F5F22 /* Debug */,
				4AFC261728000FE2000F5F22 /* Release */,
			);
			defaultConfigurationIsVisible = 0;
			defaultConfigurationName = Release;
		};
/* End XCConfigurationList section */
	};
	rootObject = 4AFC25DD28000FDA000F5F22 /* Project object */;
}
